
Microsoft Visual Studio Solution File, Format Version 12.00
# Visual Studio 15
VisualStudioVersion = 15.0.28307.572
MinimumVisualStudioVersion = 10.0.40219.1
Project("{FAE04EC0-301F-11D3-BF4B-00C04F79EFBC}") = "Uebung Arrays", "Uebung Arrays.csproj", "{900CBCBD-5120-424C-A9D8-5496D7861032}"
EndProject
Global
	GlobalSection(SolutionConfigurationPlatforms) = preSolution
		Debug|Any CPU = Debug|Any CPU
		Release|Any CPU = Release|Any CPU
	EndGlobalSection
	GlobalSection(ProjectConfigurationPlatforms) = postSolution
		{900CBCBD-5120-424C-A9D8-5496D7861032}.Debug|Any CPU.ActiveCfg = Debug|Any CPU
		{900CBCBD-5120-424C-A9D8-5496D7861032}.Debug|Any CPU.Build.0 = Debug|Any CPU
		{900CBCBD-5120-424C-A9D8-5496D7861032}.Release|Any CPU.ActiveCfg = Release|Any CPU
		{900CBCBD-5120-424C-A9D8-5496D7861032}.Release|Any CPU.Build.0 = Release|Any CPU
	EndGlobalSection
	GlobalSection(SolutionProperties) = preSolution
		HideSolutionNode = FALSE
	EndGlobalSection
	GlobalSection(ExtensibilityGlobals) = postSolution
		SolutionGuid = {CF3089C2-28C8-448B-9798-A714B43F0B62}
	EndGlobalSection
EndGlobal
